
Microsoft Visual Studio Solution File, Format Version 12.00
# Visual Studio 14
VisualStudioVersion = 14.0.23107.0
MinimumVisualStudioVersion = 14.0.23107.0
Project("{2150E333-8FDC-42A3-9474-1A3956D46DE8}") = "Play_TheGame", "Play_TheGame", "{FA04E425-7F19-4D54-A069-7078B19B9531}"
	ProjectSection(SiliconStudioPackage) = preProject
		Play_TheGame/Play_TheGame.xkpkg = Play_TheGame/Play_TheGame.xkpkg
	EndProjectSection
EndProject
Project("{FAE04EC0-301F-11D3-BF4B-00C04F79EFBC}") = "Play_TheGame.Windows", "Play_TheGame\Play_TheGame.Windows\Play_TheGame.Windows.csproj", "{0F7B2ED7-D5FF-4C8B-9871-918081692295}"
EndProject
Project("{FAE04EC0-301F-11D3-BF4B-00C04F79EFBC}") = "Play_TheGame.Game", "Play_TheGame\Play_TheGame.Game\Play_TheGame.Game.csproj", "{64A2FC6D-64BB-4978-AECB-655927111DCD}"
EndProject
Project("{FAE04EC0-301F-11D3-BF4B-00C04F79EFBC}") = "Play_TheGame.Linux", "Play_TheGame\Play_TheGame.Linux\Play_TheGame.Linux.csproj", "{AFDAADE0-975B-47C4-8CF9-2290AB6988A9}"
EndProject
Global
	GlobalSection(SolutionConfigurationPlatforms) = preSolution
		AppStore|Any CPU = AppStore|Any CPU
		AppStore|Linux = AppStore|Linux
		AppStore|Mixed Platforms = AppStore|Mixed Platforms
		AppStore|Windows = AppStore|Windows
		CoreCLR_Debug|Any CPU = CoreCLR_Debug|Any CPU
		CoreCLR_Debug|Linux = CoreCLR_Debug|Linux
		CoreCLR_Debug|Mixed Platforms = CoreCLR_Debug|Mixed Platforms
		CoreCLR_Debug|Windows = CoreCLR_Debug|Windows
		CoreCLR_Release|Any CPU = CoreCLR_Release|Any CPU
		CoreCLR_Release|Linux = CoreCLR_Release|Linux
		CoreCLR_Release|Mixed Platforms = CoreCLR_Release|Mixed Platforms
		CoreCLR_Release|Windows = CoreCLR_Release|Windows
		Debug|Any CPU = Debug|Any CPU
		Debug|Linux = Debug|Linux
		Debug|Mixed Platforms = Debug|Mixed Platforms
		Debug|Windows = Debug|Windows
		Release|Any CPU = Release|Any CPU
		Release|Linux = Release|Linux
		Release|Mixed Platforms = Release|Mixed Platforms
		Release|Windows = Release|Windows
		Testing|Any CPU = Testing|Any CPU
		Testing|Linux = Testing|Linux
		Testing|Mixed Platforms = Testing|Mixed Platforms
		Testing|Windows = Testing|Windows
	EndGlobalSection
	GlobalSection(ProjectConfigurationPlatforms) = postSolution
		{0F7B2ED7-D5FF-4C8B-9871-918081692295}.AppStore|Any CPU.ActiveCfg = AppStore|Any CPU
		{0F7B2ED7-D5FF-4C8B-9871-918081692295}.AppStore|Any CPU.Build.0 = AppStore|Any CPU
		{0F7B2ED7-D5FF-4C8B-9871-918081692295}.AppStore|Any CPU.Deploy.0 = AppStore|Any CPU
		{0F7B2ED7-D5FF-4C8B-9871-918081692295}.AppStore|Linux.ActiveCfg = AppStore|Any CPU
		{0F7B2ED7-D5FF-4C8B-9871-918081692295}.AppStore|Mixed Platforms.ActiveCfg = AppStore|Any CPU
		{0F7B2ED7-D5FF-4C8B-9871-918081692295}.AppStore|Mixed Platforms.Build.0 = AppStore|Any CPU
		{0F7B2ED7-D5FF-4C8B-9871-918081692295}.AppStore|Mixed Platforms.Deploy.0 = AppStore|Any CPU
		{0F7B2ED7-D5FF-4C8B-9871-918081692295}.AppStore|Windows.ActiveCfg = AppStore|Any CPU
		{0F7B2ED7-D5FF-4C8B-9871-918081692295}.AppStore|Windows.Build.0 = AppStore|Any CPU
		{0F7B2ED7-D5FF-4C8B-9871-918081692295}.AppStore|Windows.Deploy.0 = AppStore|Any CPU
		{0F7B2ED7-D5FF-4C8B-9871-918081692295}.CoreCLR_Debug|Any CPU.ActiveCfg = CoreCLR_Debug|Any CPU
		{0F7B2ED7-D5FF-4C8B-9871-918081692295}.CoreCLR_Debug|Any CPU.Build.0 = CoreCLR_Debug|Any CPU
		{0F7B2ED7-D5FF-4C8B-9871-918081692295}.CoreCLR_Debug|Any CPU.Deploy.0 = CoreCLR_Debug|Any CPU
		{0F7B2ED7-D5FF-4C8B-9871-918081692295}.CoreCLR_Debug|Linux.ActiveCfg = CoreCLR_Debug|Any CPU
		{0F7B2ED7-D5FF-4C8B-9871-918081692295}.CoreCLR_Debug|Mixed Platforms.ActiveCfg = CoreCLR_Debug|Any CPU
		{0F7B2ED7-D5FF-4C8B-9871-918081692295}.CoreCLR_Debug|Mixed Platforms.Build.0 = CoreCLR_Debug|Any CPU
		{0F7B2ED7-D5FF-4C8B-9871-918081692295}.CoreCLR_Debug|Mixed Platforms.Deploy.0 = CoreCLR_Debug|Any CPU
		{0F7B2ED7-D5FF-4C8B-9871-918081692295}.CoreCLR_Debug|Windows.ActiveCfg = CoreCLR_Debug|Any CPU
		{0F7B2ED7-D5FF-4C8B-9871-918081692295}.CoreCLR_Debug|Windows.Build.0 = CoreCLR_Debug|Any CPU
		{0F7B2ED7-D5FF-4C8B-9871-918081692295}.CoreCLR_Debug|Windows.Deploy.0 = CoreCLR_Debug|Any CPU
		{0F7B2ED7-D5FF-4C8B-9871-918081692295}.CoreCLR_Release|Any CPU.ActiveCfg = CoreCLR_Release|Any CPU
		{0F7B2ED7-D5FF-4C8B-9871-918081692295}.CoreCLR_Release|Any CPU.Build.0 = CoreCLR_Release|Any CPU
		{0F7B2ED7-D5FF-4C8B-9871-918081692295}.CoreCLR_Release|Any CPU.Deploy.0 = CoreCLR_Release|Any CPU
		{0F7B2ED7-D5FF-4C8B-9871-918081692295}.CoreCLR_Release|Linux.ActiveCfg = CoreCLR_Release|Any CPU
		{0F7B2ED7-D5FF-4C8B-9871-918081692295}.CoreCLR_Release|Mixed Platforms.ActiveCfg = CoreCLR_Release|Any CPU
		{0F7B2ED7-D5FF-4C8B-9871-918081692295}.CoreCLR_Release|Mixed Platforms.Build.0 = CoreCLR_Release|Any CPU
		{0F7B2ED7-D5FF-4C8B-9871-918081692295}.CoreCLR_Release|Mixed Platforms.Deploy.0 = CoreCLR_Release|Any CPU
		{0F7B2ED7-D5FF-4C8B-9871-918081692295}.CoreCLR_Release|Windows.ActiveCfg = CoreCLR_Release|Any CPU
		{0F7B2ED7-D5FF-4C8B-9871-918081692295}.CoreCLR_Release|Windows.Build.0 = CoreCLR_Release|Any CPU
		{0F7B2ED7-D5FF-4C8B-9871-918081692295}.CoreCLR_Release|Windows.Deploy.0 = CoreCLR_Release|Any CPU
		{0F7B2ED7-D5FF-4C8B-9871-918081692295}.Debug|Any CPU.ActiveCfg = Debug|Any CPU
		{0F7B2ED7-D5FF-4C8B-9871-918081692295}.Debug|Any CPU.Build.0 = Debug|Any CPU
		{0F7B2ED7-D5FF-4C8B-9871-918081692295}.Debug|Any CPU.Deploy.0 = Debug|Any CPU
		{0F7B2ED7-D5FF-4C8B-9871-918081692295}.Debug|Linux.ActiveCfg = Debug|Any CPU
		{0F7B2ED7-D5FF-4C8B-9871-918081692295}.Debug|Mixed Platforms.ActiveCfg = Debug|Any CPU
		{0F7B2ED7-D5FF-4C8B-9871-918081692295}.Debug|Mixed Platforms.Build.0 = Debug|Any CPU
		{0F7B2ED7-D5FF-4C8B-9871-918081692295}.Debug|Mixed Platforms.Deploy.0 = Debug|Any CPU
		{0F7B2ED7-D5FF-4C8B-9871-918081692295}.Debug|Windows.ActiveCfg = Debug|Any CPU
		{0F7B2ED7-D5FF-4C8B-9871-918081692295}.Debug|Windows.Build.0 = Debug|Any CPU
		{0F7B2ED7-D5FF-4C8B-9871-918081692295}.Debug|Windows.Deploy.0 = Debug|Any CPU
		{0F7B2ED7-D5FF-4C8B-9871-918081692295}.Release|Any CPU.ActiveCfg = Release|Any CPU
		{0F7B2ED7-D5FF-4C8B-9871-918081692295}.Release|Any CPU.Build.0 = Release|Any CPU
		{0F7B2ED7-D5FF-4C8B-9871-918081692295}.Release|Any CPU.Deploy.0 = Release|Any CPU
		{0F7B2ED7-D5FF-4C8B-9871-918081692295}.Release|Linux.ActiveCfg = Release|Any CPU
		{0F7B2ED7-D5FF-4C8B-9871-918081692295}.Release|Mixed Platforms.ActiveCfg = Release|Any CPU
		{0F7B2ED7-D5FF-4C8B-9871-918081692295}.Release|Mixed Platforms.Build.0 = Release|Any CPU
		{0F7B2ED7-D5FF-4C8B-9871-918081692295}.Release|Mixed Platforms.Deploy.0 = Release|Any CPU
		{0F7B2ED7-D5FF-4C8B-9871-918081692295}.Release|Windows.ActiveCfg = Release|Any CPU
		{0F7B2ED7-D5FF-4C8B-9871-918081692295}.Release|Windows.Build.0 = Release|Any CPU
		{0F7B2ED7-D5FF-4C8B-9871-918081692295}.Release|Windows.Deploy.0 = Release|Any CPU
		{0F7B2ED7-D5FF-4C8B-9871-918081692295}.Testing|Any CPU.ActiveCfg = Testing|Any CPU
		{0F7B2ED7-D5FF-4C8B-9871-918081692295}.Testing|Any CPU.Build.0 = Testing|Any CPU
		{0F7B2ED7-D5FF-4C8B-9871-918081692295}.Testing|Any CPU.Deploy.0 = Testing|Any CPU
		{0F7B2ED7-D5FF-4C8B-9871-918081692295}.Testing|Linux.ActiveCfg = Testing|Any CPU
		{0F7B2ED7-D5FF-4C8B-9871-918081692295}.Testing|Mixed Platforms.ActiveCfg = Testing|Any CPU
		{0F7B2ED7-D5FF-4C8B-9871-918081692295}.Testing|Mixed Platforms.Build.0 = Testing|Any CPU
		{0F7B2ED7-D5FF-4C8B-9871-918081692295}.Testing|Mixed Platforms.Deploy.0 = Testing|Any CPU
		{0F7B2ED7-D5FF-4C8B-9871-918081692295}.Testing|Windows.ActiveCfg = Testing|Any CPU
		{0F7B2ED7-D5FF-4C8B-9871-918081692295}.Testing|Windows.Build.0 = Testing|Any CPU
		{0F7B2ED7-D5FF-4C8B-9871-918081692295}.Testing|Windows.Deploy.0 = Testing|Any CPU
		{64A2FC6D-64BB-4978-AECB-655927111DCD}.AppStore|Any CPU.ActiveCfg = AppStore|Any CPU
		{64A2FC6D-64BB-4978-AECB-655927111DCD}.AppStore|Any CPU.Build.0 = AppStore|Any CPU
		{64A2FC6D-64BB-4978-AECB-655927111DCD}.AppStore|Linux.ActiveCfg = Debug|Linux
		{64A2FC6D-64BB-4978-AECB-655927111DCD}.AppStore|Mixed Platforms.ActiveCfg = AppStore|Any CPU
		{64A2FC6D-64BB-4978-AECB-655927111DCD}.AppStore|Mixed Platforms.Build.0 = AppStore|Any CPU
		{64A2FC6D-64BB-4978-AECB-655927111DCD}.AppStore|Windows.ActiveCfg = AppStore|Any CPU
		{64A2FC6D-64BB-4978-AECB-655927111DCD}.AppStore|Windows.Build.0 = AppStore|Any CPU
		{64A2FC6D-64BB-4978-AECB-655927111DCD}.CoreCLR_Debug|Any CPU.ActiveCfg = CoreCLR_Debug|Any CPU
		{64A2FC6D-64BB-4978-AECB-655927111DCD}.CoreCLR_Debug|Any CPU.Build.0 = CoreCLR_Debug|Any CPU
		{64A2FC6D-64BB-4978-AECB-655927111DCD}.CoreCLR_Debug|Linux.ActiveCfg = CoreCLR_Debug|Linux
		{64A2FC6D-64BB-4978-AECB-655927111DCD}.CoreCLR_Debug|Linux.Build.0 = CoreCLR_Debug|Linux
		{64A2FC6D-64BB-4978-AECB-655927111DCD}.CoreCLR_Debug|Mixed Platforms.ActiveCfg = CoreCLR_Debug|Any CPU
		{64A2FC6D-64BB-4978-AECB-655927111DCD}.CoreCLR_Debug|Mixed Platforms.Build.0 = CoreCLR_Debug|Any CPU
		{64A2FC6D-64BB-4978-AECB-655927111DCD}.CoreCLR_Debug|Windows.ActiveCfg = CoreCLR_Debug|Any CPU
		{64A2FC6D-64BB-4978-AECB-655927111DCD}.CoreCLR_Debug|Windows.Build.0 = CoreCLR_Debug|Any CPU
		{64A2FC6D-64BB-4978-AECB-655927111DCD}.CoreCLR_Release|Any CPU.ActiveCfg = CoreCLR_Release|Any CPU
		{64A2FC6D-64BB-4978-AECB-655927111DCD}.CoreCLR_Release|Any CPU.Build.0 = CoreCLR_Release|Any CPU
		{64A2FC6D-64BB-4978-AECB-655927111DCD}.CoreCLR_Release|Linux.ActiveCfg = CoreCLR_Release|Linux
		{64A2FC6D-64BB-4978-AECB-655927111DCD}.CoreCLR_Release|Linux.Build.0 = CoreCLR_Release|Linux
		{64A2FC6D-64BB-4978-AECB-655927111DCD}.CoreCLR_Release|Mixed Platforms.ActiveCfg = CoreCLR_Release|Any CPU
		{64A2FC6D-64BB-4978-AECB-655927111DCD}.CoreCLR_Release|Mixed Platforms.Build.0 = CoreCLR_Release|Any CPU
		{64A2FC6D-64BB-4978-AECB-655927111DCD}.CoreCLR_Release|Windows.ActiveCfg = CoreCLR_Release|Any CPU
		{64A2FC6D-64BB-4978-AECB-655927111DCD}.CoreCLR_Release|Windows.Build.0 = CoreCLR_Release|Any CPU
		{64A2FC6D-64BB-4978-AECB-655927111DCD}.Debug|Any CPU.ActiveCfg = Debug|Any CPU
		{64A2FC6D-64BB-4978-AECB-655927111DCD}.Debug|Any CPU.Build.0 = Debug|Any CPU
		{64A2FC6D-64BB-4978-AECB-655927111DCD}.Debug|Linux.ActiveCfg = Debug|Linux
		{64A2FC6D-64BB-4978-AECB-655927111DCD}.Debug|Linux.Build.0 = Debug|Linux
		{64A2FC6D-64BB-4978-AECB-655927111DCD}.Debug|Mixed Platforms.ActiveCfg = Debug|Any CPU
		{64A2FC6D-64BB-4978-AECB-655927111DCD}.Debug|Mixed Platforms.Build.0 = Debug|Any CPU
		{64A2FC6D-64BB-4978-AECB-655927111DCD}.Debug|Windows.ActiveCfg = Debug|Any CPU
		{64A2FC6D-64BB-4978-AECB-655927111DCD}.Debug|Windows.Build.0 = Debug|Any CPU
		{64A2FC6D-64BB-4978-AECB-655927111DCD}.Release|Any CPU.ActiveCfg = Release|Any CPU
		{64A2FC6D-64BB-4978-AECB-655927111DCD}.Release|Any CPU.Build.0 = Release|Any CPU
		{64A2FC6D-64BB-4978-AECB-655927111DCD}.Release|Linux.ActiveCfg = Release|Linux
		{64A2FC6D-64BB-4978-AECB-655927111DCD}.Release|Linux.Build.0 = Release|Linux
		{64A2FC6D-64BB-4978-AECB-655927111DCD}.Release|Mixed Platforms.ActiveCfg = Release|Any CPU
		{64A2FC6D-64BB-4978-AECB-655927111DCD}.Release|Mixed Platforms.Build.0 = Release|Any CPU
		{64A2FC6D-64BB-4978-AECB-655927111DCD}.Release|Windows.ActiveCfg = Release|Any CPU
		{64A2FC6D-64BB-4978-AECB-655927111DCD}.Release|Windows.Build.0 = Release|Any CPU
		{64A2FC6D-64BB-4978-AECB-655927111DCD}.Testing|Any CPU.ActiveCfg = Testing|Any CPU
		{64A2FC6D-64BB-4978-AECB-655927111DCD}.Testing|Any CPU.Build.0 = Testing|Any CPU
		{64A2FC6D-64BB-4978-AECB-655927111DCD}.Testing|Linux.ActiveCfg = Debug|Linux
		{64A2FC6D-64BB-4978-AECB-655927111DCD}.Testing|Mixed Platforms.ActiveCfg = Testing|Any CPU
		{64A2FC6D-64BB-4978-AECB-655927111DCD}.Testing|Mixed Platforms.Build.0 = Testing|Any CPU
		{64A2FC6D-64BB-4978-AECB-655927111DCD}.Testing|Windows.ActiveCfg = Testing|Any CPU
		{64A2FC6D-64BB-4978-AECB-655927111DCD}.Testing|Windows.Build.0 = Testing|Any CPU
		{AFDAADE0-975B-47C4-8CF9-2290AB6988A9}.AppStore|Any CPU.ActiveCfg = Debug|Linux
		{AFDAADE0-975B-47C4-8CF9-2290AB6988A9}.AppStore|Linux.ActiveCfg = Debug|Linux
		{AFDAADE0-975B-47C4-8CF9-2290AB6988A9}.AppStore|Mixed Platforms.ActiveCfg = Debug|Linux
		{AFDAADE0-975B-47C4-8CF9-2290AB6988A9}.AppStore|Windows.ActiveCfg = Debug|Linux
		{AFDAADE0-975B-47C4-8CF9-2290AB6988A9}.CoreCLR_Debug|Any CPU.ActiveCfg = CoreCLR_Debug|Linux
		{AFDAADE0-975B-47C4-8CF9-2290AB6988A9}.CoreCLR_Debug|Linux.ActiveCfg = CoreCLR_Debug|Linux
		{AFDAADE0-975B-47C4-8CF9-2290AB6988A9}.CoreCLR_Debug|Linux.Build.0 = CoreCLR_Debug|Linux
		{AFDAADE0-975B-47C4-8CF9-2290AB6988A9}.CoreCLR_Debug|Linux.Deploy.0 = CoreCLR_Debug|Linux
		{AFDAADE0-975B-47C4-8CF9-2290AB6988A9}.CoreCLR_Debug|Mixed Platforms.ActiveCfg = CoreCLR_Debug|Linux
		{AFDAADE0-975B-47C4-8CF9-2290AB6988A9}.CoreCLR_Debug|Windows.ActiveCfg = CoreCLR_Debug|Linux
		{AFDAADE0-975B-47C4-8CF9-2290AB6988A9}.CoreCLR_Release|Any CPU.ActiveCfg = CoreCLR_Release|Linux
		{AFDAADE0-975B-47C4-8CF9-2290AB6988A9}.CoreCLR_Release|Linux.ActiveCfg = CoreCLR_Release|Linux
		{AFDAADE0-975B-47C4-8CF9-2290AB6988A9}.CoreCLR_Release|Linux.Build.0 = CoreCLR_Release|Linux
		{AFDAADE0-975B-47C4-8CF9-2290AB6988A9}.CoreCLR_Release|Linux.Deploy.0 = CoreCLR_Release|Linux
		{AFDAADE0-975B-47C4-8CF9-2290AB6988A9}.CoreCLR_Release|Mixed Platforms.ActiveCfg = CoreCLR_Release|Linux
		{AFDAADE0-975B-47C4-8CF9-2290AB6988A9}.CoreCLR_Release|Windows.ActiveCfg = CoreCLR_Release|Linux
		{AFDAADE0-975B-47C4-8CF9-2290AB6988A9}.Debug|Any CPU.ActiveCfg = Debug|Linux
		{AFDAADE0-975B-47C4-8CF9-2290AB6988A9}.Debug|Linux.ActiveCfg = Debug|Linux
		{AFDAADE0-975B-47C4-8CF9-2290AB6988A9}.Debug|Linux.Build.0 = Debug|Linux
		{AFDAADE0-975B-47C4-8CF9-2290AB6988A9}.Debug|Linux.Deploy.0 = Debug|Linux
		{AFDAADE0-975B-47C4-8CF9-2290AB6988A9}.Debug|Mixed Platforms.ActiveCfg = Debug|Linux
		{AFDAADE0-975B-47C4-8CF9-2290AB6988A9}.Debug|Windows.ActiveCfg = Debug|Linux
		{AFDAADE0-975B-47C4-8CF9-2290AB6988A9}.Release|Any CPU.ActiveCfg = Release|Linux
		{AFDAADE0-975B-47C4-8CF9-2290AB6988A9}.Release|Linux.ActiveCfg = Release|Linux
		{AFDAADE0-975B-47C4-8CF9-2290AB6988A9}.Release|Linux.Build.0 = Release|Linux
		{AFDAADE0-975B-47C4-8CF9-2290AB6988A9}.Release|Linux.Deploy.0 = Release|Linux
		{AFDAADE0-975B-47C4-8CF9-2290AB6988A9}.Release|Mixed Platforms.ActiveCfg = Release|Linux
		{AFDAADE0-975B-47C4-8CF9-2290AB6988A9}.Release|Windows.ActiveCfg = Release|Linux
		{AFDAADE0-975B-47C4-8CF9-2290AB6988A9}.Testing|Any CPU.ActiveCfg = Debug|Linux
		{AFDAADE0-975B-47C4-8CF9-2290AB6988A9}.Testing|Linux.ActiveCfg = Debug|Linux
		{AFDAADE0-975B-47C4-8CF9-2290AB6988A9}.Testing|Mixed Platforms.ActiveCfg = Debug|Linux
		{AFDAADE0-975B-47C4-8CF9-2290AB6988A9}.Testing|Windows.ActiveCfg = Debug|Linux
	EndGlobalSection
	GlobalSection(NestedProjects) = preSolution
		{0F7B2ED7-D5FF-4C8B-9871-918081692295} = {FA04E425-7F19-4D54-A069-7078B19B9531}
		{64A2FC6D-64BB-4978-AECB-655927111DCD} = {FA04E425-7F19-4D54-A069-7078B19B9531}
		{AFDAADE0-975B-47C4-8CF9-2290AB6988A9} = {FA04E425-7F19-4D54-A069-7078B19B9531}
	EndGlobalSection
EndGlobal
