
Microsoft Visual Studio Solution File, Format Version 12.00
# Visual Studio 14
VisualStudioVersion = 14.0.23107.0
MinimumVisualStudioVersion = 14.0.23107.0
Project("{2150E333-8FDC-42A3-9474-1A3956D46DE8}") = "Play_TheGame", "Play_TheGame", "{EDBC9B49-CC40-4020-8FFB-D6428511BAD6}"
	ProjectSection(SiliconStudioPackage) = preProject
		Play_TheGame/Play_TheGame.xkpkg = Play_TheGame/Play_TheGame.xkpkg
	EndProjectSection
EndProject
Project("{FAE04EC0-301F-11D3-BF4B-00C04F79EFBC}") = "Play_TheGame.Windows", "Play_TheGame\Play_TheGame.Windows\Play_TheGame.Windows.csproj", "{D647DE64-BF0C-4A9F-884A-0BEB13BE1802}"
EndProject
Project("{FAE04EC0-301F-11D3-BF4B-00C04F79EFBC}") = "Play_TheGame.Game", "Play_TheGame\Play_TheGame.Game\Play_TheGame.Game.csproj", "{286DC9B0-E79B-4D35-90FF-2428F9ADCCC1}"
EndProject
Project("{FAE04EC0-301F-11D3-BF4B-00C04F79EFBC}") = "Play_TheGame.Linux", "Play_TheGame\Play_TheGame.Linux\Play_TheGame.Linux.csproj", "{3F8008A0-F148-4332-8BCC-6FCCB57B4599}"
EndProject
Project("{FAE04EC0-301F-11D3-BF4B-00C04F79EFBC}") = "Play_TheGame.Android", "Play_TheGame\Play_TheGame.Android\Play_TheGame.Android.csproj", "{CD059B5C-F794-41C8-87EB-FA2DEA983D5F}"
EndProject
Global
	GlobalSection(SolutionConfigurationPlatforms) = preSolution
		AppStore|Android = AppStore|Android
		AppStore|Any CPU = AppStore|Any CPU
		AppStore|Linux = AppStore|Linux
		AppStore|Mixed Platforms = AppStore|Mixed Platforms
		AppStore|Windows = AppStore|Windows
		CoreCLR_Debug|Android = CoreCLR_Debug|Android
		CoreCLR_Debug|Any CPU = CoreCLR_Debug|Any CPU
		CoreCLR_Debug|Linux = CoreCLR_Debug|Linux
		CoreCLR_Debug|Mixed Platforms = CoreCLR_Debug|Mixed Platforms
		CoreCLR_Debug|Windows = CoreCLR_Debug|Windows
		CoreCLR_Release|Android = CoreCLR_Release|Android
		CoreCLR_Release|Any CPU = CoreCLR_Release|Any CPU
		CoreCLR_Release|Linux = CoreCLR_Release|Linux
		CoreCLR_Release|Mixed Platforms = CoreCLR_Release|Mixed Platforms
		CoreCLR_Release|Windows = CoreCLR_Release|Windows
		Debug|Android = Debug|Android
		Debug|Any CPU = Debug|Any CPU
		Debug|Linux = Debug|Linux
		Debug|Mixed Platforms = Debug|Mixed Platforms
		Debug|Windows = Debug|Windows
		Release|Android = Release|Android
		Release|Any CPU = Release|Any CPU
		Release|Linux = Release|Linux
		Release|Mixed Platforms = Release|Mixed Platforms
		Release|Windows = Release|Windows
		Testing|Android = Testing|Android
		Testing|Any CPU = Testing|Any CPU
		Testing|Linux = Testing|Linux
		Testing|Mixed Platforms = Testing|Mixed Platforms
		Testing|Windows = Testing|Windows
	EndGlobalSection
	GlobalSection(ProjectConfigurationPlatforms) = postSolution
		{D647DE64-BF0C-4A9F-884A-0BEB13BE1802}.AppStore|Android.ActiveCfg = AppStore|Any CPU
		{D647DE64-BF0C-4A9F-884A-0BEB13BE1802}.AppStore|Any CPU.ActiveCfg = AppStore|Any CPU
		{D647DE64-BF0C-4A9F-884A-0BEB13BE1802}.AppStore|Any CPU.Build.0 = AppStore|Any CPU
		{D647DE64-BF0C-4A9F-884A-0BEB13BE1802}.AppStore|Any CPU.Deploy.0 = AppStore|Any CPU
		{D647DE64-BF0C-4A9F-884A-0BEB13BE1802}.AppStore|Linux.ActiveCfg = AppStore|Any CPU
		{D647DE64-BF0C-4A9F-884A-0BEB13BE1802}.AppStore|Mixed Platforms.ActiveCfg = AppStore|Any CPU
		{D647DE64-BF0C-4A9F-884A-0BEB13BE1802}.AppStore|Mixed Platforms.Build.0 = AppStore|Any CPU
		{D647DE64-BF0C-4A9F-884A-0BEB13BE1802}.AppStore|Mixed Platforms.Deploy.0 = AppStore|Any CPU
		{D647DE64-BF0C-4A9F-884A-0BEB13BE1802}.AppStore|Windows.ActiveCfg = AppStore|Any CPU
		{D647DE64-BF0C-4A9F-884A-0BEB13BE1802}.AppStore|Windows.Build.0 = AppStore|Any CPU
		{D647DE64-BF0C-4A9F-884A-0BEB13BE1802}.AppStore|Windows.Deploy.0 = AppStore|Any CPU
		{D647DE64-BF0C-4A9F-884A-0BEB13BE1802}.CoreCLR_Debug|Android.ActiveCfg = CoreCLR_Debug|Any CPU
		{D647DE64-BF0C-4A9F-884A-0BEB13BE1802}.CoreCLR_Debug|Any CPU.ActiveCfg = CoreCLR_Debug|Any CPU
		{D647DE64-BF0C-4A9F-884A-0BEB13BE1802}.CoreCLR_Debug|Any CPU.Build.0 = CoreCLR_Debug|Any CPU
		{D647DE64-BF0C-4A9F-884A-0BEB13BE1802}.CoreCLR_Debug|Any CPU.Deploy.0 = CoreCLR_Debug|Any CPU
		{D647DE64-BF0C-4A9F-884A-0BEB13BE1802}.CoreCLR_Debug|Linux.ActiveCfg = CoreCLR_Debug|Any CPU
		{D647DE64-BF0C-4A9F-884A-0BEB13BE1802}.CoreCLR_Debug|Mixed Platforms.ActiveCfg = CoreCLR_Debug|Any CPU
		{D647DE64-BF0C-4A9F-884A-0BEB13BE1802}.CoreCLR_Debug|Mixed Platforms.Build.0 = CoreCLR_Debug|Any CPU
		{D647DE64-BF0C-4A9F-884A-0BEB13BE1802}.CoreCLR_Debug|Mixed Platforms.Deploy.0 = CoreCLR_Debug|Any CPU
		{D647DE64-BF0C-4A9F-884A-0BEB13BE1802}.CoreCLR_Debug|Windows.ActiveCfg = CoreCLR_Debug|Any CPU
		{D647DE64-BF0C-4A9F-884A-0BEB13BE1802}.CoreCLR_Debug|Windows.Build.0 = CoreCLR_Debug|Any CPU
		{D647DE64-BF0C-4A9F-884A-0BEB13BE1802}.CoreCLR_Debug|Windows.Deploy.0 = CoreCLR_Debug|Any CPU
		{D647DE64-BF0C-4A9F-884A-0BEB13BE1802}.CoreCLR_Release|Android.ActiveCfg = CoreCLR_Release|Any CPU
		{D647DE64-BF0C-4A9F-884A-0BEB13BE1802}.CoreCLR_Release|Any CPU.ActiveCfg = CoreCLR_Release|Any CPU
		{D647DE64-BF0C-4A9F-884A-0BEB13BE1802}.CoreCLR_Release|Any CPU.Build.0 = CoreCLR_Release|Any CPU
		{D647DE64-BF0C-4A9F-884A-0BEB13BE1802}.CoreCLR_Release|Any CPU.Deploy.0 = CoreCLR_Release|Any CPU
		{D647DE64-BF0C-4A9F-884A-0BEB13BE1802}.CoreCLR_Release|Linux.ActiveCfg = CoreCLR_Release|Any CPU
		{D647DE64-BF0C-4A9F-884A-0BEB13BE1802}.CoreCLR_Release|Mixed Platforms.ActiveCfg = CoreCLR_Release|Any CPU
		{D647DE64-BF0C-4A9F-884A-0BEB13BE1802}.CoreCLR_Release|Mixed Platforms.Build.0 = CoreCLR_Release|Any CPU
		{D647DE64-BF0C-4A9F-884A-0BEB13BE1802}.CoreCLR_Release|Mixed Platforms.Deploy.0 = CoreCLR_Release|Any CPU
		{D647DE64-BF0C-4A9F-884A-0BEB13BE1802}.CoreCLR_Release|Windows.ActiveCfg = CoreCLR_Release|Any CPU
		{D647DE64-BF0C-4A9F-884A-0BEB13BE1802}.CoreCLR_Release|Windows.Build.0 = CoreCLR_Release|Any CPU
		{D647DE64-BF0C-4A9F-884A-0BEB13BE1802}.CoreCLR_Release|Windows.Deploy.0 = CoreCLR_Release|Any CPU
		{D647DE64-BF0C-4A9F-884A-0BEB13BE1802}.Debug|Android.ActiveCfg = Debug|Any CPU
		{D647DE64-BF0C-4A9F-884A-0BEB13BE1802}.Debug|Any CPU.ActiveCfg = Debug|Any CPU
		{D647DE64-BF0C-4A9F-884A-0BEB13BE1802}.Debug|Any CPU.Build.0 = Debug|Any CPU
		{D647DE64-BF0C-4A9F-884A-0BEB13BE1802}.Debug|Any CPU.Deploy.0 = Debug|Any CPU
		{D647DE64-BF0C-4A9F-884A-0BEB13BE1802}.Debug|Linux.ActiveCfg = Debug|Any CPU
		{D647DE64-BF0C-4A9F-884A-0BEB13BE1802}.Debug|Mixed Platforms.ActiveCfg = Debug|Any CPU
		{D647DE64-BF0C-4A9F-884A-0BEB13BE1802}.Debug|Mixed Platforms.Build.0 = Debug|Any CPU
		{D647DE64-BF0C-4A9F-884A-0BEB13BE1802}.Debug|Mixed Platforms.Deploy.0 = Debug|Any CPU
		{D647DE64-BF0C-4A9F-884A-0BEB13BE1802}.Debug|Windows.ActiveCfg = Debug|Any CPU
		{D647DE64-BF0C-4A9F-884A-0BEB13BE1802}.Debug|Windows.Build.0 = Debug|Any CPU
		{D647DE64-BF0C-4A9F-884A-0BEB13BE1802}.Debug|Windows.Deploy.0 = Debug|Any CPU
		{D647DE64-BF0C-4A9F-884A-0BEB13BE1802}.Release|Android.ActiveCfg = Release|Any CPU
		{D647DE64-BF0C-4A9F-884A-0BEB13BE1802}.Release|Any CPU.ActiveCfg = Release|Any CPU
		{D647DE64-BF0C-4A9F-884A-0BEB13BE1802}.Release|Any CPU.Build.0 = Release|Any CPU
		{D647DE64-BF0C-4A9F-884A-0BEB13BE1802}.Release|Any CPU.Deploy.0 = Release|Any CPU
		{D647DE64-BF0C-4A9F-884A-0BEB13BE1802}.Release|Linux.ActiveCfg = Release|Any CPU
		{D647DE64-BF0C-4A9F-884A-0BEB13BE1802}.Release|Mixed Platforms.ActiveCfg = Release|Any CPU
		{D647DE64-BF0C-4A9F-884A-0BEB13BE1802}.Release|Mixed Platforms.Build.0 = Release|Any CPU
		{D647DE64-BF0C-4A9F-884A-0BEB13BE1802}.Release|Mixed Platforms.Deploy.0 = Release|Any CPU
		{D647DE64-BF0C-4A9F-884A-0BEB13BE1802}.Release|Windows.ActiveCfg = Release|Any CPU
		{D647DE64-BF0C-4A9F-884A-0BEB13BE1802}.Release|Windows.Build.0 = Release|Any CPU
		{D647DE64-BF0C-4A9F-884A-0BEB13BE1802}.Release|Windows.Deploy.0 = Release|Any CPU
		{D647DE64-BF0C-4A9F-884A-0BEB13BE1802}.Testing|Android.ActiveCfg = Testing|Any CPU
		{D647DE64-BF0C-4A9F-884A-0BEB13BE1802}.Testing|Any CPU.ActiveCfg = Testing|Any CPU
		{D647DE64-BF0C-4A9F-884A-0BEB13BE1802}.Testing|Any CPU.Build.0 = Testing|Any CPU
		{D647DE64-BF0C-4A9F-884A-0BEB13BE1802}.Testing|Any CPU.Deploy.0 = Testing|Any CPU
		{D647DE64-BF0C-4A9F-884A-0BEB13BE1802}.Testing|Linux.ActiveCfg = Testing|Any CPU
		{D647DE64-BF0C-4A9F-884A-0BEB13BE1802}.Testing|Mixed Platforms.ActiveCfg = Testing|Any CPU
		{D647DE64-BF0C-4A9F-884A-0BEB13BE1802}.Testing|Mixed Platforms.Build.0 = Testing|Any CPU
		{D647DE64-BF0C-4A9F-884A-0BEB13BE1802}.Testing|Mixed Platforms.Deploy.0 = Testing|Any CPU
		{D647DE64-BF0C-4A9F-884A-0BEB13BE1802}.Testing|Windows.ActiveCfg = Testing|Any CPU
		{D647DE64-BF0C-4A9F-884A-0BEB13BE1802}.Testing|Windows.Build.0 = Testing|Any CPU
		{D647DE64-BF0C-4A9F-884A-0BEB13BE1802}.Testing|Windows.Deploy.0 = Testing|Any CPU
		{286DC9B0-E79B-4D35-90FF-2428F9ADCCC1}.AppStore|Android.ActiveCfg = AppStore|Android
		{286DC9B0-E79B-4D35-90FF-2428F9ADCCC1}.AppStore|Android.Build.0 = AppStore|Android
		{286DC9B0-E79B-4D35-90FF-2428F9ADCCC1}.AppStore|Any CPU.ActiveCfg = AppStore|Any CPU
		{286DC9B0-E79B-4D35-90FF-2428F9ADCCC1}.AppStore|Any CPU.Build.0 = AppStore|Any CPU
		{286DC9B0-E79B-4D35-90FF-2428F9ADCCC1}.AppStore|Linux.ActiveCfg = Debug|Linux
		{286DC9B0-E79B-4D35-90FF-2428F9ADCCC1}.AppStore|Mixed Platforms.ActiveCfg = AppStore|Any CPU
		{286DC9B0-E79B-4D35-90FF-2428F9ADCCC1}.AppStore|Mixed Platforms.Build.0 = AppStore|Any CPU
		{286DC9B0-E79B-4D35-90FF-2428F9ADCCC1}.AppStore|Windows.ActiveCfg = AppStore|Any CPU
		{286DC9B0-E79B-4D35-90FF-2428F9ADCCC1}.AppStore|Windows.Build.0 = AppStore|Any CPU
		{286DC9B0-E79B-4D35-90FF-2428F9ADCCC1}.CoreCLR_Debug|Android.ActiveCfg = Debug|Android
		{286DC9B0-E79B-4D35-90FF-2428F9ADCCC1}.CoreCLR_Debug|Any CPU.ActiveCfg = CoreCLR_Debug|Any CPU
		{286DC9B0-E79B-4D35-90FF-2428F9ADCCC1}.CoreCLR_Debug|Any CPU.Build.0 = CoreCLR_Debug|Any CPU
		{286DC9B0-E79B-4D35-90FF-2428F9ADCCC1}.CoreCLR_Debug|Linux.ActiveCfg = CoreCLR_Debug|Linux
		{286DC9B0-E79B-4D35-90FF-2428F9ADCCC1}.CoreCLR_Debug|Linux.Build.0 = CoreCLR_Debug|Linux
		{286DC9B0-E79B-4D35-90FF-2428F9ADCCC1}.CoreCLR_Debug|Mixed Platforms.ActiveCfg = CoreCLR_Debug|Any CPU
		{286DC9B0-E79B-4D35-90FF-2428F9ADCCC1}.CoreCLR_Debug|Mixed Platforms.Build.0 = CoreCLR_Debug|Any CPU
		{286DC9B0-E79B-4D35-90FF-2428F9ADCCC1}.CoreCLR_Debug|Windows.ActiveCfg = CoreCLR_Debug|Any CPU
		{286DC9B0-E79B-4D35-90FF-2428F9ADCCC1}.CoreCLR_Debug|Windows.Build.0 = CoreCLR_Debug|Any CPU
		{286DC9B0-E79B-4D35-90FF-2428F9ADCCC1}.CoreCLR_Release|Android.ActiveCfg = Debug|Android
		{286DC9B0-E79B-4D35-90FF-2428F9ADCCC1}.CoreCLR_Release|Any CPU.ActiveCfg = CoreCLR_Release|Any CPU
		{286DC9B0-E79B-4D35-90FF-2428F9ADCCC1}.CoreCLR_Release|Any CPU.Build.0 = CoreCLR_Release|Any CPU
		{286DC9B0-E79B-4D35-90FF-2428F9ADCCC1}.CoreCLR_Release|Linux.ActiveCfg = CoreCLR_Release|Linux
		{286DC9B0-E79B-4D35-90FF-2428F9ADCCC1}.CoreCLR_Release|Linux.Build.0 = CoreCLR_Release|Linux
		{286DC9B0-E79B-4D35-90FF-2428F9ADCCC1}.CoreCLR_Release|Mixed Platforms.ActiveCfg = CoreCLR_Release|Any CPU
		{286DC9B0-E79B-4D35-90FF-2428F9ADCCC1}.CoreCLR_Release|Mixed Platforms.Build.0 = CoreCLR_Release|Any CPU
		{286DC9B0-E79B-4D35-90FF-2428F9ADCCC1}.CoreCLR_Release|Windows.ActiveCfg = CoreCLR_Release|Any CPU
		{286DC9B0-E79B-4D35-90FF-2428F9ADCCC1}.CoreCLR_Release|Windows.Build.0 = CoreCLR_Release|Any CPU
		{286DC9B0-E79B-4D35-90FF-2428F9ADCCC1}.Debug|Android.ActiveCfg = Debug|Android
		{286DC9B0-E79B-4D35-90FF-2428F9ADCCC1}.Debug|Android.Build.0 = Debug|Android
		{286DC9B0-E79B-4D35-90FF-2428F9ADCCC1}.Debug|Any CPU.ActiveCfg = Debug|Any CPU
		{286DC9B0-E79B-4D35-90FF-2428F9ADCCC1}.Debug|Any CPU.Build.0 = Debug|Any CPU
		{286DC9B0-E79B-4D35-90FF-2428F9ADCCC1}.Debug|Linux.ActiveCfg = Debug|Linux
		{286DC9B0-E79B-4D35-90FF-2428F9ADCCC1}.Debug|Linux.Build.0 = Debug|Linux
		{286DC9B0-E79B-4D35-90FF-2428F9ADCCC1}.Debug|Mixed Platforms.ActiveCfg = Debug|Any CPU
		{286DC9B0-E79B-4D35-90FF-2428F9ADCCC1}.Debug|Mixed Platforms.Build.0 = Debug|Any CPU
		{286DC9B0-E79B-4D35-90FF-2428F9ADCCC1}.Debug|Windows.ActiveCfg = Debug|Any CPU
		{286DC9B0-E79B-4D35-90FF-2428F9ADCCC1}.Debug|Windows.Build.0 = Debug|Any CPU
		{286DC9B0-E79B-4D35-90FF-2428F9ADCCC1}.Release|Android.ActiveCfg = Release|Android
		{286DC9B0-E79B-4D35-90FF-2428F9ADCCC1}.Release|Android.Build.0 = Release|Android
		{286DC9B0-E79B-4D35-90FF-2428F9ADCCC1}.Release|Any CPU.ActiveCfg = Release|Any CPU
		{286DC9B0-E79B-4D35-90FF-2428F9ADCCC1}.Release|Any CPU.Build.0 = Release|Any CPU
		{286DC9B0-E79B-4D35-90FF-2428F9ADCCC1}.Release|Linux.ActiveCfg = Release|Linux
		{286DC9B0-E79B-4D35-90FF-2428F9ADCCC1}.Release|Linux.Build.0 = Release|Linux
		{286DC9B0-E79B-4D35-90FF-2428F9ADCCC1}.Release|Mixed Platforms.ActiveCfg = Release|Any CPU
		{286DC9B0-E79B-4D35-90FF-2428F9ADCCC1}.Release|Mixed Platforms.Build.0 = Release|Any CPU
		{286DC9B0-E79B-4D35-90FF-2428F9ADCCC1}.Release|Windows.ActiveCfg = Release|Any CPU
		{286DC9B0-E79B-4D35-90FF-2428F9ADCCC1}.Release|Windows.Build.0 = Release|Any CPU
		{286DC9B0-E79B-4D35-90FF-2428F9ADCCC1}.Testing|Android.ActiveCfg = Testing|Android
		{286DC9B0-E79B-4D35-90FF-2428F9ADCCC1}.Testing|Android.Build.0 = Testing|Android
		{286DC9B0-E79B-4D35-90FF-2428F9ADCCC1}.Testing|Any CPU.ActiveCfg = Testing|Any CPU
		{286DC9B0-E79B-4D35-90FF-2428F9ADCCC1}.Testing|Any CPU.Build.0 = Testing|Any CPU
		{286DC9B0-E79B-4D35-90FF-2428F9ADCCC1}.Testing|Linux.ActiveCfg = Debug|Linux
		{286DC9B0-E79B-4D35-90FF-2428F9ADCCC1}.Testing|Mixed Platforms.ActiveCfg = Testing|Any CPU
		{286DC9B0-E79B-4D35-90FF-2428F9ADCCC1}.Testing|Mixed Platforms.Build.0 = Testing|Any CPU
		{286DC9B0-E79B-4D35-90FF-2428F9ADCCC1}.Testing|Windows.ActiveCfg = Testing|Any CPU
		{286DC9B0-E79B-4D35-90FF-2428F9ADCCC1}.Testing|Windows.Build.0 = Testing|Any CPU
		{3F8008A0-F148-4332-8BCC-6FCCB57B4599}.AppStore|Android.ActiveCfg = Debug|Linux
		{3F8008A0-F148-4332-8BCC-6FCCB57B4599}.AppStore|Any CPU.ActiveCfg = Debug|Linux
		{3F8008A0-F148-4332-8BCC-6FCCB57B4599}.AppStore|Linux.ActiveCfg = Debug|Linux
		{3F8008A0-F148-4332-8BCC-6FCCB57B4599}.AppStore|Mixed Platforms.ActiveCfg = Debug|Linux
		{3F8008A0-F148-4332-8BCC-6FCCB57B4599}.AppStore|Windows.ActiveCfg = Debug|Linux
		{3F8008A0-F148-4332-8BCC-6FCCB57B4599}.CoreCLR_Debug|Android.ActiveCfg = CoreCLR_Debug|Linux
		{3F8008A0-F148-4332-8BCC-6FCCB57B4599}.CoreCLR_Debug|Any CPU.ActiveCfg = CoreCLR_Debug|Linux
		{3F8008A0-F148-4332-8BCC-6FCCB57B4599}.CoreCLR_Debug|Linux.ActiveCfg = CoreCLR_Debug|Linux
		{3F8008A0-F148-4332-8BCC-6FCCB57B4599}.CoreCLR_Debug|Linux.Build.0 = CoreCLR_Debug|Linux
		{3F8008A0-F148-4332-8BCC-6FCCB57B4599}.CoreCLR_Debug|Linux.Deploy.0 = CoreCLR_Debug|Linux
		{3F8008A0-F148-4332-8BCC-6FCCB57B4599}.CoreCLR_Debug|Mixed Platforms.ActiveCfg = CoreCLR_Debug|Linux
		{3F8008A0-F148-4332-8BCC-6FCCB57B4599}.CoreCLR_Debug|Windows.ActiveCfg = CoreCLR_Debug|Linux
		{3F8008A0-F148-4332-8BCC-6FCCB57B4599}.CoreCLR_Release|Android.ActiveCfg = CoreCLR_Release|Linux
		{3F8008A0-F148-4332-8BCC-6FCCB57B4599}.CoreCLR_Release|Any CPU.ActiveCfg = CoreCLR_Release|Linux
		{3F8008A0-F148-4332-8BCC-6FCCB57B4599}.CoreCLR_Release|Linux.ActiveCfg = CoreCLR_Release|Linux
		{3F8008A0-F148-4332-8BCC-6FCCB57B4599}.CoreCLR_Release|Linux.Build.0 = CoreCLR_Release|Linux
		{3F8008A0-F148-4332-8BCC-6FCCB57B4599}.CoreCLR_Release|Linux.Deploy.0 = CoreCLR_Release|Linux
		{3F8008A0-F148-4332-8BCC-6FCCB57B4599}.CoreCLR_Release|Mixed Platforms.ActiveCfg = CoreCLR_Release|Linux
		{3F8008A0-F148-4332-8BCC-6FCCB57B4599}.CoreCLR_Release|Windows.ActiveCfg = CoreCLR_Release|Linux
		{3F8008A0-F148-4332-8BCC-6FCCB57B4599}.Debug|Android.ActiveCfg = Debug|Linux
		{3F8008A0-F148-4332-8BCC-6FCCB57B4599}.Debug|Any CPU.ActiveCfg = Debug|Linux
		{3F8008A0-F148-4332-8BCC-6FCCB57B4599}.Debug|Linux.ActiveCfg = Debug|Linux
		{3F8008A0-F148-4332-8BCC-6FCCB57B4599}.Debug|Linux.Build.0 = Debug|Linux
		{3F8008A0-F148-4332-8BCC-6FCCB57B4599}.Debug|Linux.Deploy.0 = Debug|Linux
		{3F8008A0-F148-4332-8BCC-6FCCB57B4599}.Debug|Mixed Platforms.ActiveCfg = Debug|Linux
		{3F8008A0-F148-4332-8BCC-6FCCB57B4599}.Debug|Windows.ActiveCfg = Debug|Linux
		{3F8008A0-F148-4332-8BCC-6FCCB57B4599}.Release|Android.ActiveCfg = Release|Linux
		{3F8008A0-F148-4332-8BCC-6FCCB57B4599}.Release|Any CPU.ActiveCfg = Release|Linux
		{3F8008A0-F148-4332-8BCC-6FCCB57B4599}.Release|Linux.ActiveCfg = Release|Linux
		{3F8008A0-F148-4332-8BCC-6FCCB57B4599}.Release|Linux.Build.0 = Release|Linux
		{3F8008A0-F148-4332-8BCC-6FCCB57B4599}.Release|Linux.Deploy.0 = Release|Linux
		{3F8008A0-F148-4332-8BCC-6FCCB57B4599}.Release|Mixed Platforms.ActiveCfg = Release|Linux
		{3F8008A0-F148-4332-8BCC-6FCCB57B4599}.Release|Windows.ActiveCfg = Release|Linux
		{3F8008A0-F148-4332-8BCC-6FCCB57B4599}.Testing|Android.ActiveCfg = Debug|Linux
		{3F8008A0-F148-4332-8BCC-6FCCB57B4599}.Testing|Any CPU.ActiveCfg = Debug|Linux
		{3F8008A0-F148-4332-8BCC-6FCCB57B4599}.Testing|Linux.ActiveCfg = Debug|Linux
		{3F8008A0-F148-4332-8BCC-6FCCB57B4599}.Testing|Mixed Platforms.ActiveCfg = Debug|Linux
		{3F8008A0-F148-4332-8BCC-6FCCB57B4599}.Testing|Windows.ActiveCfg = Debug|Linux
		{CD059B5C-F794-41C8-87EB-FA2DEA983D5F}.AppStore|Android.ActiveCfg = AppStore|Android
		{CD059B5C-F794-41C8-87EB-FA2DEA983D5F}.AppStore|Android.Build.0 = AppStore|Android
		{CD059B5C-F794-41C8-87EB-FA2DEA983D5F}.AppStore|Android.Deploy.0 = AppStore|Android
		{CD059B5C-F794-41C8-87EB-FA2DEA983D5F}.AppStore|Any CPU.ActiveCfg = AppStore|Android
		{CD059B5C-F794-41C8-87EB-FA2DEA983D5F}.AppStore|Linux.ActiveCfg = AppStore|Android
		{CD059B5C-F794-41C8-87EB-FA2DEA983D5F}.AppStore|Mixed Platforms.ActiveCfg = AppStore|Android
		{CD059B5C-F794-41C8-87EB-FA2DEA983D5F}.AppStore|Windows.ActiveCfg = AppStore|Android
		{CD059B5C-F794-41C8-87EB-FA2DEA983D5F}.CoreCLR_Debug|Android.ActiveCfg = Debug|Android
		{CD059B5C-F794-41C8-87EB-FA2DEA983D5F}.CoreCLR_Debug|Any CPU.ActiveCfg = Debug|Android
		{CD059B5C-F794-41C8-87EB-FA2DEA983D5F}.CoreCLR_Debug|Linux.ActiveCfg = Debug|Android
		{CD059B5C-F794-41C8-87EB-FA2DEA983D5F}.CoreCLR_Debug|Mixed Platforms.ActiveCfg = Debug|Android
		{CD059B5C-F794-41C8-87EB-FA2DEA983D5F}.CoreCLR_Debug|Windows.ActiveCfg = Debug|Android
		{CD059B5C-F794-41C8-87EB-FA2DEA983D5F}.CoreCLR_Release|Android.ActiveCfg = Debug|Android
		{CD059B5C-F794-41C8-87EB-FA2DEA983D5F}.CoreCLR_Release|Any CPU.ActiveCfg = Debug|Android
		{CD059B5C-F794-41C8-87EB-FA2DEA983D5F}.CoreCLR_Release|Linux.ActiveCfg = Debug|Android
		{CD059B5C-F794-41C8-87EB-FA2DEA983D5F}.CoreCLR_Release|Mixed Platforms.ActiveCfg = Debug|Android
		{CD059B5C-F794-41C8-87EB-FA2DEA983D5F}.CoreCLR_Release|Windows.ActiveCfg = Debug|Android
		{CD059B5C-F794-41C8-87EB-FA2DEA983D5F}.Debug|Android.ActiveCfg = Debug|Android
		{CD059B5C-F794-41C8-87EB-FA2DEA983D5F}.Debug|Android.Build.0 = Debug|Android
		{CD059B5C-F794-41C8-87EB-FA2DEA983D5F}.Debug|Android.Deploy.0 = Debug|Android
		{CD059B5C-F794-41C8-87EB-FA2DEA983D5F}.Debug|Any CPU.ActiveCfg = Debug|Android
		{CD059B5C-F794-41C8-87EB-FA2DEA983D5F}.Debug|Linux.ActiveCfg = Debug|Android
		{CD059B5C-F794-41C8-87EB-FA2DEA983D5F}.Debug|Mixed Platforms.ActiveCfg = Debug|Android
		{CD059B5C-F794-41C8-87EB-FA2DEA983D5F}.Debug|Windows.ActiveCfg = Debug|Android
		{CD059B5C-F794-41C8-87EB-FA2DEA983D5F}.Release|Android.ActiveCfg = Release|Android
		{CD059B5C-F794-41C8-87EB-FA2DEA983D5F}.Release|Android.Build.0 = Release|Android
		{CD059B5C-F794-41C8-87EB-FA2DEA983D5F}.Release|Android.Deploy.0 = Release|Android
		{CD059B5C-F794-41C8-87EB-FA2DEA983D5F}.Release|Any CPU.ActiveCfg = Release|Android
		{CD059B5C-F794-41C8-87EB-FA2DEA983D5F}.Release|Linux.ActiveCfg = Release|Android
		{CD059B5C-F794-41C8-87EB-FA2DEA983D5F}.Release|Mixed Platforms.ActiveCfg = Release|Android
		{CD059B5C-F794-41C8-87EB-FA2DEA983D5F}.Release|Windows.ActiveCfg = Release|Android
		{CD059B5C-F794-41C8-87EB-FA2DEA983D5F}.Testing|Android.ActiveCfg = Testing|Android
		{CD059B5C-F794-41C8-87EB-FA2DEA983D5F}.Testing|Android.Build.0 = Testing|Android
		{CD059B5C-F794-41C8-87EB-FA2DEA983D5F}.Testing|Android.Deploy.0 = Testing|Android
		{CD059B5C-F794-41C8-87EB-FA2DEA983D5F}.Testing|Any CPU.ActiveCfg = Testing|Android
		{CD059B5C-F794-41C8-87EB-FA2DEA983D5F}.Testing|Linux.ActiveCfg = Testing|Android
		{CD059B5C-F794-41C8-87EB-FA2DEA983D5F}.Testing|Mixed Platforms.ActiveCfg = Testing|Android
		{CD059B5C-F794-41C8-87EB-FA2DEA983D5F}.Testing|Windows.ActiveCfg = Testing|Android
	EndGlobalSection
	GlobalSection(NestedProjects) = preSolution
		{D647DE64-BF0C-4A9F-884A-0BEB13BE1802} = {EDBC9B49-CC40-4020-8FFB-D6428511BAD6}
		{286DC9B0-E79B-4D35-90FF-2428F9ADCCC1} = {EDBC9B49-CC40-4020-8FFB-D6428511BAD6}
		{3F8008A0-F148-4332-8BCC-6FCCB57B4599} = {EDBC9B49-CC40-4020-8FFB-D6428511BAD6}
		{CD059B5C-F794-41C8-87EB-FA2DEA983D5F} = {EDBC9B49-CC40-4020-8FFB-D6428511BAD6}
	EndGlobalSection
EndGlobal
